
Microsoft Visual Studio Solution File, Format Version 12.00
# Visual Studio Version 16
VisualStudioVersion = 16.0.30804.86
MinimumVisualStudioVersion = 10.0.40219.1
Project("{FAE04EC0-301F-11D3-BF4B-00C04F79EFBC}") = "Calculator_Winforms", "Calculator_Winforms\Calculator_Winforms.csproj", "{0153D7EF-77E9-4876-83DA-8CA2A7F42E86}"
EndProject
Global
	GlobalSection(SolutionConfigurationPlatforms) = preSolution
		Debug|Any CPU = Debug|Any CPU
		Release|Any CPU = Release|Any CPU
	EndGlobalSection
	GlobalSection(ProjectConfigurationPlatforms) = postSolution
		{0153D7EF-77E9-4876-83DA-8CA2A7F42E86}.Debug|Any CPU.ActiveCfg = Debug|Any CPU
		{0153D7EF-77E9-4876-83DA-8CA2A7F42E86}.Debug|Any CPU.Build.0 = Debug|Any CPU
		{0153D7EF-77E9-4876-83DA-8CA2A7F42E86}.Release|Any CPU.ActiveCfg = Release|Any CPU
		{0153D7EF-77E9-4876-83DA-8CA2A7F42E86}.Release|Any CPU.Build.0 = Release|Any CPU
	EndGlobalSection
	GlobalSection(SolutionProperties) = preSolution
		HideSolutionNode = FALSE
	EndGlobalSection
	GlobalSection(ExtensibilityGlobals) = postSolution
		SolutionGuid = {DA988D8F-7630-441E-9688-E5971AED9B0F}
	EndGlobalSection
EndGlobal
